// !$*UTF8*$!
{
	archiveVersion = 1;
	classes = {
	};
	objectVersion = 51;
	objects = {

/* Begin PBXBuildFile section */
		67B13C5670740F1C9B81F4D0 /* Pods_GPS_Member_StoreUITests.framework in Frameworks */ = {isa = PBXBuildFile; fileRef = BE2998FD2FA06F38D3B544B8 /* Pods_GPS_Member_StoreUITests.framework */; };
		9F113CF12552DDEE0055DEAF /* FormCell.swift in Sources */ = {isa = PBXBuildFile; fileRef = 9F113CF02552DDEE0055DEAF /* FormCell.swift */; };
		9F113CF62552DDF50055DEAF /* TableCell.swift in Sources */ = {isa = PBXBuildFile; fileRef = 9F113CF52552DDF50055DEAF /* TableCell.swift */; };
		9F113CFB2552DDFF0055DEAF /* LineImageCell.swift in Sources */ = {isa = PBXBuildFile; fileRef = 9F113CFA2552DDFF0055DEAF /* LineImageCell.swift */; };
		9F113D002552DE0B0055DEAF /* MessageCell.swift in Sources */ = {isa = PBXBuildFile; fileRef = 9F113CFF2552DE0B0055DEAF /* MessageCell.swift */; };
		9F113D052552DE110055DEAF /* RewardCardCell.swift in Sources */ = {isa = PBXBuildFile; fileRef = 9F113D042552DE110055DEAF /* RewardCardCell.swift */; };
		9F113D0A2552DE1B0055DEAF /* PointCell.swift in Sources */ = {isa = PBXBuildFile; fileRef = 9F113D092552DE1B0055DEAF /* PointCell.swift */; };
		9F113D0F2552DE240055DEAF /* ThreadCell.swift in Sources */ = {isa = PBXBuildFile; fileRef = 9F113D0E2552DE240055DEAF /* ThreadCell.swift */; };
		9F113D142552DE300055DEAF /* ChangePasswordViewController.swift in Sources */ = {isa = PBXBuildFile; fileRef = 9F113D132552DE300055DEAF /* ChangePasswordViewController.swift */; };
		9F113D192552DE370055DEAF /* ImagesViewController.swift in Sources */ = {isa = PBXBuildFile; fileRef = 9F113D182552DE370055DEAF /* ImagesViewController.swift */; };
		9F113D1E2552DE3C0055DEAF /* ImageViewZoom.swift in Sources */ = {isa = PBXBuildFile; fileRef = 9F113D1D2552DE3C0055DEAF /* ImageViewZoom.swift */; };
		9F113D232552DE460055DEAF /* MessageViewController.swift in Sources */ = {isa = PBXBuildFile; fileRef = 9F113D222552DE460055DEAF /* MessageViewController.swift */; };
		9F113D282552DE4F0055DEAF /* MessageComposeViewController.swift in Sources */ = {isa = PBXBuildFile; fileRef = 9F113D272552DE4F0055DEAF /* MessageComposeViewController.swift */; };
		9F113D2D2552DE540055DEAF /* MessageDetailViewController.swift in Sources */ = {isa = PBXBuildFile; fileRef = 9F113D2C2552DE540055DEAF /* MessageDetailViewController.swift */; };
		9F113D322552DE5E0055DEAF /* RewardCardsViewController.swift in Sources */ = {isa = PBXBuildFile; fileRef = 9F113D312552DE5E0055DEAF /* RewardCardsViewController.swift */; };
		9F113D89255524690055DEAF /* AWSS3TransferManager.swift in Sources */ = {isa = PBXBuildFile; fileRef = 9F113D88255524690055DEAF /* AWSS3TransferManager.swift */; };
		9F15C09625553D1100D180A2 /* GlobalVariables.swift in Sources */ = {isa = PBXBuildFile; fileRef = 9F15C09525553D1000D180A2 /* GlobalVariables.swift */; };
		9F15C09B25553FEB00D180A2 /* RequestDetailViewController.swift in Sources */ = {isa = PBXBuildFile; fileRef = 9F15C09A25553FEB00D180A2 /* RequestDetailViewController.swift */; };
		9F15C0A62555541300D180A2 /* NetworkManager.swift in Sources */ = {isa = PBXBuildFile; fileRef = 9F15C0A52555541300D180A2 /* NetworkManager.swift */; };
		9F404127256FA1E40022B65A /* TagCell.swift in Sources */ = {isa = PBXBuildFile; fileRef = 9F404126256FA1E40022B65A /* TagCell.swift */; };
		9F67E8A724CFE368004A8003 /* NotoSansTC-Black.otf in Resources */ = {isa = PBXBuildFile; fileRef = 9F67E8A124CFE32C004A8003 /* NotoSansTC-Black.otf */; };
		9F67E8A824CFE368004A8003 /* NotoSansTC-Bold.otf in Resources */ = {isa = PBXBuildFile; fileRef = 9F67E8A224CFE32C004A8003 /* NotoSansTC-Bold.otf */; };
		9F67E8A924CFE368004A8003 /* NotoSansTC-Light.otf in Resources */ = {isa = PBXBuildFile; fileRef = 9F67E8A424CFE32D004A8003 /* NotoSansTC-Light.otf */; };
		9F67E8AA24CFE368004A8003 /* NotoSansTC-Medium.otf in Resources */ = {isa = PBXBuildFile; fileRef = 9F67E8A524CFE32D004A8003 /* NotoSansTC-Medium.otf */; };
		9F67E8AB24CFE368004A8003 /* NotoSansTC-Regular.otf in Resources */ = {isa = PBXBuildFile; fileRef = 9F67E8A324CFE32D004A8003 /* NotoSansTC-Regular.otf */; };
		9F67E8AC24CFE368004A8003 /* NotoSansTC-Thin.otf in Resources */ = {isa = PBXBuildFile; fileRef = 9F67E8A624CFE32E004A8003 /* NotoSansTC-Thin.otf */; };
		9F67E8AE24CFFD47004A8003 /* ProductSearchResultViewController.swift in Sources */ = {isa = PBXBuildFile; fileRef = 9F67E8AD24CFFD47004A8003 /* ProductSearchResultViewController.swift */; };
		9F67E8B024CFFEFD004A8003 /* ProductCell.swift in Sources */ = {isa = PBXBuildFile; fileRef = 9F67E8AF24CFFEFD004A8003 /* ProductCell.swift */; };
		9F67E8B224CFFFA3004A8003 /* ProductDetailViewController.swift in Sources */ = {isa = PBXBuildFile; fileRef = 9F67E8B124CFFFA3004A8003 /* ProductDetailViewController.swift */; };
		9F67E8B424D00240004A8003 /* BarcodeScannerViewController.swift in Sources */ = {isa = PBXBuildFile; fileRef = 9F67E8B324D00240004A8003 /* BarcodeScannerViewController.swift */; };
		9F67E8B624D00A81004A8003 /* ElectronicDocCell.swift in Sources */ = {isa = PBXBuildFile; fileRef = 9F67E8B524D00A81004A8003 /* ElectronicDocCell.swift */; };
		9F67E8B824D00B67004A8003 /* ElectronicDocViewController.swift in Sources */ = {isa = PBXBuildFile; fileRef = 9F67E8B724D00B67004A8003 /* ElectronicDocViewController.swift */; };
		9F67E8BA24D00E44004A8003 /* PDFViewController.swift in Sources */ = {isa = PBXBuildFile; fileRef = 9F67E8B924D00E44004A8003 /* PDFViewController.swift */; };
		9F67E8BC24D02124004A8003 /* ConsumerCell.swift in Sources */ = {isa = PBXBuildFile; fileRef = 9F67E8BB24D02124004A8003 /* ConsumerCell.swift */; };
		9F69DC2824CADD2800C67A6B /* AppDelegate.swift in Sources */ = {isa = PBXBuildFile; fileRef = 9F69DC2724CADD2800C67A6B /* AppDelegate.swift */; };
		9F69DC2A24CADD2800C67A6B /* SceneDelegate.swift in Sources */ = {isa = PBXBuildFile; fileRef = 9F69DC2924CADD2800C67A6B /* SceneDelegate.swift */; };
		9F69DC2C24CADD2800C67A6B /* ViewController.swift in Sources */ = {isa = PBXBuildFile; fileRef = 9F69DC2B24CADD2800C67A6B /* ViewController.swift */; };
		9F69DC2F24CADD2800C67A6B /* Main.storyboard in Resources */ = {isa = PBXBuildFile; fileRef = 9F69DC2D24CADD2800C67A6B /* Main.storyboard */; };
		9F69DC3124CADD2B00C67A6B /* Assets.xcassets in Resources */ = {isa = PBXBuildFile; fileRef = 9F69DC3024CADD2B00C67A6B /* Assets.xcassets */; };
		9F69DC3424CADD2B00C67A6B /* LaunchScreen.storyboard in Resources */ = {isa = PBXBuildFile; fileRef = 9F69DC3224CADD2B00C67A6B /* LaunchScreen.storyboard */; };
		9F69DC3F24CADD2B00C67A6B /* GPS_Member_StoreTests.swift in Sources */ = {isa = PBXBuildFile; fileRef = 9F69DC3E24CADD2B00C67A6B /* GPS_Member_StoreTests.swift */; };
		9F69DC4A24CADD2B00C67A6B /* GPS_Member_StoreUITests.swift in Sources */ = {isa = PBXBuildFile; fileRef = 9F69DC4924CADD2B00C67A6B /* GPS_Member_StoreUITests.swift */; };
		9F69DC5D24CADE9800C67A6B /* LoginViewController.swift in Sources */ = {isa = PBXBuildFile; fileRef = 9F69DC5C24CADE9800C67A6B /* LoginViewController.swift */; };
		9F69DC6224CADEC900C67A6B /* ForgetPasswordViewController.swift in Sources */ = {isa = PBXBuildFile; fileRef = 9F69DC6124CADEC900C67A6B /* ForgetPasswordViewController.swift */; };
		9F69DC6424CADF0600C67A6B /* ProductSearchViewController.swift in Sources */ = {isa = PBXBuildFile; fileRef = 9F69DC6324CADF0600C67A6B /* ProductSearchViewController.swift */; };
		9F69DC6624CADFBA00C67A6B /* RequestViewController.swift in Sources */ = {isa = PBXBuildFile; fileRef = 9F69DC6524CADFBA00C67A6B /* RequestViewController.swift */; };
		9F69DC6A24CAE07300C67A6B /* ConsumerSearchViewController.swift in Sources */ = {isa = PBXBuildFile; fileRef = 9F69DC6924CAE07300C67A6B /* ConsumerSearchViewController.swift */; };
		9F69DC6C24CAE0B000C67A6B /* HomeViewController.swift in Sources */ = {isa = PBXBuildFile; fileRef = 9F69DC6B24CAE0B000C67A6B /* HomeViewController.swift */; };
		9F731AA924D14C6600FCB267 /* RequestCell.swift in Sources */ = {isa = PBXBuildFile; fileRef = 9F731AA824D14C6600FCB267 /* RequestCell.swift */; };
		9F731AAB24D163FF00FCB267 /* RequestComposeViewController.swift in Sources */ = {isa = PBXBuildFile; fileRef = 9F731AAA24D163FF00FCB267 /* RequestComposeViewController.swift */; };
		9F79CB1824D3C17E0070F883 /* TagsViewController.swift in Sources */ = {isa = PBXBuildFile; fileRef = 9F79CB1724D3C17E0070F883 /* TagsViewController.swift */; };
		9F79CB2624D3E5660070F883 /* ConsumerDetailViewController.swift in Sources */ = {isa = PBXBuildFile; fileRef = 9F79CB2524D3E5660070F883 /* ConsumerDetailViewController.swift */; };
		9F79CB2A24D425D00070F883 /* QRCodeViewController.swift in Sources */ = {isa = PBXBuildFile; fileRef = 9F79CB2924D425D00070F883 /* QRCodeViewController.swift */; };
		9FB581332674C86A00231433 /* PrescriptionsViewController.swift in Sources */ = {isa = PBXBuildFile; fileRef = 9FB581322674C86A00231433 /* PrescriptionsViewController.swift */; };
		9FB581352674CAA800231433 /* MissionCell.swift in Sources */ = {isa = PBXBuildFile; fileRef = 9FB581342674CAA800231433 /* MissionCell.swift */; };
		9FB581372674D2B400231433 /* PrescriptionViewController.swift in Sources */ = {isa = PBXBuildFile; fileRef = 9FB581362674D2B400231433 /* PrescriptionViewController.swift */; };
		9FCB3F47266CA07A00D510FE /* GoogleService-Info.plist in Resources */ = {isa = PBXBuildFile; fileRef = 9FCB3F46266CA07A00D510FE /* GoogleService-Info.plist */; };
		9FE50CE224E1180B0040BD9B /* FunctionCell.swift in Sources */ = {isa = PBXBuildFile; fileRef = 9FE50CE124E1180B0040BD9B /* FunctionCell.swift */; };
		B55BA19B2A3F6A40A0525F8D /* Pods_GPS_Member_StoreTests.framework in Frameworks */ = {isa = PBXBuildFile; fileRef = 300801A25B59A7FA41EBA2EB /* Pods_GPS_Member_StoreTests.framework */; };
		C85C9A3EE00D56FAC831257E /* Pods_GPS_Member_Store.framework in Frameworks */ = {isa = PBXBuildFile; fileRef = E8B56E00923F51EEF4450707 /* Pods_GPS_Member_Store.framework */; };
/* End PBXBuildFile section */

/* Begin PBXContainerItemProxy section */
		9F69DC3B24CADD2B00C67A6B /* PBXContainerItemProxy */ = {
			isa = PBXContainerItemProxy;
			containerPortal = 9F69DC1C24CADD2800C67A6B /* Project object */;
			proxyType = 1;
			remoteGlobalIDString = 9F69DC2324CADD2800C67A6B;
			remoteInfo = "GPS Member Store";
		};
		9F69DC4624CADD2B00C67A6B /* PBXContainerItemProxy */ = {
			isa = PBXContainerItemProxy;
			containerPortal = 9F69DC1C24CADD2800C67A6B /* Project object */;
			proxyType = 1;
			remoteGlobalIDString = 9F69DC2324CADD2800C67A6B;
			remoteInfo = "GPS Member Store";
		};
/* End PBXContainerItemProxy section */

/* Begin PBXFileReference section */
		20BAA9CED53B6AB0CD4B072F /* Pods-GPS Member Store.release.xcconfig */ = {isa = PBXFileReference; includeInIndex = 1; lastKnownFileType = text.xcconfig; name = "Pods-GPS Member Store.release.xcconfig"; path = "Target Support Files/Pods-GPS Member Store/Pods-GPS Member Store.release.xcconfig"; sourceTree = "<group>"; };
		300801A25B59A7FA41EBA2EB /* Pods_GPS_Member_StoreTests.framework */ = {isa = PBXFileReference; explicitFileType = wrapper.framework; includeInIndex = 0; path = Pods_GPS_Member_StoreTests.framework; sourceTree = BUILT_PRODUCTS_DIR; };
		387156608D42A77B47505CF5 /* Pods-GPS Member Store.debug.xcconfig */ = {isa = PBXFileReference; includeInIndex = 1; lastKnownFileType = text.xcconfig; name = "Pods-GPS Member Store.debug.xcconfig"; path = "Target Support Files/Pods-GPS Member Store/Pods-GPS Member Store.debug.xcconfig"; sourceTree = "<group>"; };
		726DD1B9CF4D9CA19794E3C3 /* Pods-GPS Member StoreTests.release.xcconfig */ = {isa = PBXFileReference; includeInIndex = 1; lastKnownFileType = text.xcconfig; name = "Pods-GPS Member StoreTests.release.xcconfig"; path = "Target Support Files/Pods-GPS Member StoreTests/Pods-GPS Member StoreTests.release.xcconfig"; sourceTree = "<group>"; };
		79727023AB88486EA92522F1 /* Pods-GPS Member StoreTests.debug.xcconfig */ = {isa = PBXFileReference; includeInIndex = 1; lastKnownFileType = text.xcconfig; name = "Pods-GPS Member StoreTests.debug.xcconfig"; path = "Target Support Files/Pods-GPS Member StoreTests/Pods-GPS Member StoreTests.debug.xcconfig"; sourceTree = "<group>"; };
		9F113CF02552DDEE0055DEAF /* FormCell.swift */ = {isa = PBXFileReference; fileEncoding = 4; lastKnownFileType = sourcecode.swift; name = FormCell.swift; path = "../../../GPS Consumer/GPS Consumer/Cells/FormCell.swift"; sourceTree = "<group>"; };
		9F113CF52552DDF50055DEAF /* TableCell.swift */ = {isa = PBXFileReference; fileEncoding = 4; lastKnownFileType = sourcecode.swift; name = TableCell.swift; path = "../../../GPS Consumer/GPS Consumer/Cells/TableCell.swift"; sourceTree = "<group>"; };
		9F113CFA2552DDFF0055DEAF /* LineImageCell.swift */ = {isa = PBXFileReference; fileEncoding = 4; lastKnownFileType = sourcecode.swift; name = LineImageCell.swift; path = "../../../GPS Consumer/GPS Consumer/Cells/LineImageCell.swift"; sourceTree = "<group>"; };
		9F113CFF2552DE0B0055DEAF /* MessageCell.swift */ = {isa = PBXFileReference; fileEncoding = 4; lastKnownFileType = sourcecode.swift; name = MessageCell.swift; path = "../../../GPS Consumer/GPS Consumer/Cells/MessageCell.swift"; sourceTree = "<group>"; };
		9F113D042552DE110055DEAF /* RewardCardCell.swift */ = {isa = PBXFileReference; fileEncoding = 4; lastKnownFileType = sourcecode.swift; name = RewardCardCell.swift; path = "../../../GPS Consumer/GPS Consumer/Cells/RewardCardCell.swift"; sourceTree = "<group>"; };
		9F113D092552DE1B0055DEAF /* PointCell.swift */ = {isa = PBXFileReference; fileEncoding = 4; lastKnownFileType = sourcecode.swift; name = PointCell.swift; path = "../../../GPS Consumer/GPS Consumer/Cells/PointCell.swift"; sourceTree = "<group>"; };
		9F113D0E2552DE240055DEAF /* ThreadCell.swift */ = {isa = PBXFileReference; fileEncoding = 4; lastKnownFileType = sourcecode.swift; name = ThreadCell.swift; path = "../../../GPS Consumer/GPS Consumer/Cells/ThreadCell.swift"; sourceTree = "<group>"; };
		9F113D132552DE300055DEAF /* ChangePasswordViewController.swift */ = {isa = PBXFileReference; fileEncoding = 4; lastKnownFileType = sourcecode.swift; name = ChangePasswordViewController.swift; path = "../../../GPS Consumer/GPS Consumer/ViewControllers/ChangePasswordViewController.swift"; sourceTree = "<group>"; };
		9F113D182552DE370055DEAF /* ImagesViewController.swift */ = {isa = PBXFileReference; fileEncoding = 4; lastKnownFileType = sourcecode.swift; name = ImagesViewController.swift; path = "../../../GPS Consumer/GPS Consumer/ViewControllers/ImagesViewController.swift"; sourceTree = "<group>"; };
		9F113D1D2552DE3C0055DEAF /* ImageViewZoom.swift */ = {isa = PBXFileReference; fileEncoding = 4; lastKnownFileType = sourcecode.swift; name = ImageViewZoom.swift; path = "../../../GPS Consumer/GPS Consumer/ViewControllers/ImageViewZoom.swift"; sourceTree = "<group>"; };
		9F113D222552DE460055DEAF /* MessageViewController.swift */ = {isa = PBXFileReference; fileEncoding = 4; lastKnownFileType = sourcecode.swift; name = MessageViewController.swift; path = "../../../GPS Consumer/GPS Consumer/ViewControllers/MessageViewController.swift"; sourceTree = "<group>"; };
		9F113D272552DE4F0055DEAF /* MessageComposeViewController.swift */ = {isa = PBXFileReference; fileEncoding = 4; lastKnownFileType = sourcecode.swift; name = MessageComposeViewController.swift; path = "../../../GPS Consumer/GPS Consumer/ViewControllers/MessageComposeViewController.swift"; sourceTree = "<group>"; };
		9F113D2C2552DE540055DEAF /* MessageDetailViewController.swift */ = {isa = PBXFileReference; fileEncoding = 4; lastKnownFileType = sourcecode.swift; name = MessageDetailViewController.swift; path = "../../../GPS Consumer/GPS Consumer/ViewControllers/MessageDetailViewController.swift"; sourceTree = "<group>"; };
		9F113D312552DE5E0055DEAF /* RewardCardsViewController.swift */ = {isa = PBXFileReference; fileEncoding = 4; lastKnownFileType = sourcecode.swift; name = RewardCardsViewController.swift; path = "../../../GPS Consumer/GPS Consumer/ViewControllers/RewardCardsViewController.swift"; sourceTree = "<group>"; };
		9F113D88255524690055DEAF /* AWSS3TransferManager.swift */ = {isa = PBXFileReference; fileEncoding = 4; lastKnownFileType = sourcecode.swift; name = AWSS3TransferManager.swift; path = "../../GPS Consumer/AWSS3TransferManager.swift"; sourceTree = "<group>"; };
		9F15C09525553D1000D180A2 /* GlobalVariables.swift */ = {isa = PBXFileReference; fileEncoding = 4; lastKnownFileType = sourcecode.swift; name = GlobalVariables.swift; path = "../../GPS Consumer/GlobalVariables.swift"; sourceTree = "<group>"; };
		9F15C09A25553FEB00D180A2 /* RequestDetailViewController.swift */ = {isa = PBXFileReference; lastKnownFileType = sourcecode.swift; path = RequestDetailViewController.swift; sourceTree = "<group>"; };
		9F15C0A52555541300D180A2 /* NetworkManager.swift */ = {isa = PBXFileReference; fileEncoding = 4; lastKnownFileType = sourcecode.swift; name = NetworkManager.swift; path = "../../GPS Consumer/NetworkManager.swift"; sourceTree = "<group>"; };
		9F404126256FA1E40022B65A /* TagCell.swift */ = {isa = PBXFileReference; lastKnownFileType = sourcecode.swift; path = TagCell.swift; sourceTree = "<group>"; };
		9F67E8A124CFE32C004A8003 /* NotoSansTC-Black.otf */ = {isa = PBXFileReference; lastKnownFileType = file; path = "NotoSansTC-Black.otf"; sourceTree = "<group>"; };
		9F67E8A224CFE32C004A8003 /* NotoSansTC-Bold.otf */ = {isa = PBXFileReference; lastKnownFileType = file; path = "NotoSansTC-Bold.otf"; sourceTree = "<group>"; };
		9F67E8A324CFE32D004A8003 /* NotoSansTC-Regular.otf */ = {isa = PBXFileReference; lastKnownFileType = file; path = "NotoSansTC-Regular.otf"; sourceTree = "<group>"; };
		9F67E8A424CFE32D004A8003 /* NotoSansTC-Light.otf */ = {isa = PBXFileReference; lastKnownFileType = file; path = "NotoSansTC-Light.otf"; sourceTree = "<group>"; };
		9F67E8A524CFE32D004A8003 /* NotoSansTC-Medium.otf */ = {isa = PBXFileReference; lastKnownFileType = file; path = "NotoSansTC-Medium.otf"; sourceTree = "<group>"; };
		9F67E8A624CFE32E004A8003 /* NotoSansTC-Thin.otf */ = {isa = PBXFileReference; lastKnownFileType = file; path = "NotoSansTC-Thin.otf"; sourceTree = "<group>"; };
		9F67E8AD24CFFD47004A8003 /* ProductSearchResultViewController.swift */ = {isa = PBXFileReference; fileEncoding = 4; lastKnownFileType = sourcecode.swift; path = ProductSearchResultViewController.swift; sourceTree = "<group>"; };
		9F67E8AF24CFFEFD004A8003 /* ProductCell.swift */ = {isa = PBXFileReference; lastKnownFileType = sourcecode.swift; path = ProductCell.swift; sourceTree = "<group>"; };
		9F67E8B124CFFFA3004A8003 /* ProductDetailViewController.swift */ = {isa = PBXFileReference; fileEncoding = 4; lastKnownFileType = sourcecode.swift; path = ProductDetailViewController.swift; sourceTree = "<group>"; };
		9F67E8B324D00240004A8003 /* BarcodeScannerViewController.swift */ = {isa = PBXFileReference; fileEncoding = 4; lastKnownFileType = sourcecode.swift; path = BarcodeScannerViewController.swift; sourceTree = "<group>"; };
		9F67E8B524D00A81004A8003 /* ElectronicDocCell.swift */ = {isa = PBXFileReference; fileEncoding = 4; lastKnownFileType = sourcecode.swift; path = ElectronicDocCell.swift; sourceTree = "<group>"; };
		9F67E8B724D00B67004A8003 /* ElectronicDocViewController.swift */ = {isa = PBXFileReference; lastKnownFileType = sourcecode.swift; path = ElectronicDocViewController.swift; sourceTree = "<group>"; };
		9F67E8B924D00E44004A8003 /* PDFViewController.swift */ = {isa = PBXFileReference; lastKnownFileType = sourcecode.swift; path = PDFViewController.swift; sourceTree = "<group>"; };
		9F67E8BB24D02124004A8003 /* ConsumerCell.swift */ = {isa = PBXFileReference; lastKnownFileType = sourcecode.swift; path = ConsumerCell.swift; sourceTree = "<group>"; };
		9F69DC2424CADD2800C67A6B /* GPS會員店.app */ = {isa = PBXFileReference; explicitFileType = wrapper.application; includeInIndex = 0; path = "GPS會員店.app"; sourceTree = BUILT_PRODUCTS_DIR; };
		9F69DC2724CADD2800C67A6B /* AppDelegate.swift */ = {isa = PBXFileReference; lastKnownFileType = sourcecode.swift; path = AppDelegate.swift; sourceTree = "<group>"; };
		9F69DC2924CADD2800C67A6B /* SceneDelegate.swift */ = {isa = PBXFileReference; lastKnownFileType = sourcecode.swift; path = SceneDelegate.swift; sourceTree = "<group>"; };
		9F69DC2B24CADD2800C67A6B /* ViewController.swift */ = {isa = PBXFileReference; lastKnownFileType = sourcecode.swift; path = ViewController.swift; sourceTree = "<group>"; };
		9F69DC2E24CADD2800C67A6B /* Base */ = {isa = PBXFileReference; lastKnownFileType = file.storyboard; name = Base; path = Base.lproj/Main.storyboard; sourceTree = "<group>"; };
		9F69DC3024CADD2B00C67A6B /* Assets.xcassets */ = {isa = PBXFileReference; lastKnownFileType = folder.assetcatalog; path = Assets.xcassets; sourceTree = "<group>"; };
		9F69DC3324CADD2B00C67A6B /* Base */ = {isa = PBXFileReference; lastKnownFileType = file.storyboard; name = Base; path = Base.lproj/LaunchScreen.storyboard; sourceTree = "<group>"; };
		9F69DC3524CADD2B00C67A6B /* Info.plist */ = {isa = PBXFileReference; lastKnownFileType = text.plist.xml; path = Info.plist; sourceTree = "<group>"; };
		9F69DC3A24CADD2B00C67A6B /* GPS Member StoreTests.xctest */ = {isa = PBXFileReference; explicitFileType = wrapper.cfbundle; includeInIndex = 0; path = "GPS Member StoreTests.xctest"; sourceTree = BUILT_PRODUCTS_DIR; };
		9F69DC3E24CADD2B00C67A6B /* GPS_Member_StoreTests.swift */ = {isa = PBXFileReference; lastKnownFileType = sourcecode.swift; path = GPS_Member_StoreTests.swift; sourceTree = "<group>"; };
		9F69DC4024CADD2B00C67A6B /* Info.plist */ = {isa = PBXFileReference; lastKnownFileType = text.plist.xml; path = Info.plist; sourceTree = "<group>"; };
		9F69DC4524CADD2B00C67A6B /* GPS Member StoreUITests.xctest */ = {isa = PBXFileReference; explicitFileType = wrapper.cfbundle; includeInIndex = 0; path = "GPS Member StoreUITests.xctest"; sourceTree = BUILT_PRODUCTS_DIR; };
		9F69DC4924CADD2B00C67A6B /* GPS_Member_StoreUITests.swift */ = {isa = PBXFileReference; lastKnownFileType = sourcecode.swift; path = GPS_Member_StoreUITests.swift; sourceTree = "<group>"; };
		9F69DC4B24CADD2B00C67A6B /* Info.plist */ = {isa = PBXFileReference; lastKnownFileType = text.plist.xml; path = Info.plist; sourceTree = "<group>"; };
		9F69DC5C24CADE9800C67A6B /* LoginViewController.swift */ = {isa = PBXFileReference; fileEncoding = 4; lastKnownFileType = sourcecode.swift; path = LoginViewController.swift; sourceTree = "<group>"; };
		9F69DC6124CADEC900C67A6B /* ForgetPasswordViewController.swift */ = {isa = PBXFileReference; fileEncoding = 4; lastKnownFileType = sourcecode.swift; path = ForgetPasswordViewController.swift; sourceTree = "<group>"; };
		9F69DC6324CADF0600C67A6B /* ProductSearchViewController.swift */ = {isa = PBXFileReference; lastKnownFileType = sourcecode.swift; path = ProductSearchViewController.swift; sourceTree = "<group>"; };
		9F69DC6524CADFBA00C67A6B /* RequestViewController.swift */ = {isa = PBXFileReference; lastKnownFileType = sourcecode.swift; path = RequestViewController.swift; sourceTree = "<group>"; };
		9F69DC6924CAE07300C67A6B /* ConsumerSearchViewController.swift */ = {isa = PBXFileReference; lastKnownFileType = sourcecode.swift; path = ConsumerSearchViewController.swift; sourceTree = "<group>"; };
		9F69DC6B24CAE0B000C67A6B /* HomeViewController.swift */ = {isa = PBXFileReference; fileEncoding = 4; lastKnownFileType = sourcecode.swift; path = HomeViewController.swift; sourceTree = "<group>"; };
		9F731AA824D14C6600FCB267 /* RequestCell.swift */ = {isa = PBXFileReference; lastKnownFileType = sourcecode.swift; path = RequestCell.swift; sourceTree = "<group>"; };
		9F731AAA24D163FF00FCB267 /* RequestComposeViewController.swift */ = {isa = PBXFileReference; lastKnownFileType = sourcecode.swift; path = RequestComposeViewController.swift; sourceTree = "<group>"; };
		9F79CB1724D3C17E0070F883 /* TagsViewController.swift */ = {isa = PBXFileReference; lastKnownFileType = sourcecode.swift; path = TagsViewController.swift; sourceTree = "<group>"; };
		9F79CB2524D3E5660070F883 /* ConsumerDetailViewController.swift */ = {isa = PBXFileReference; fileEncoding = 4; lastKnownFileType = sourcecode.swift; path = ConsumerDetailViewController.swift; sourceTree = "<group>"; };
		9F79CB2924D425D00070F883 /* QRCodeViewController.swift */ = {isa = PBXFileReference; lastKnownFileType = sourcecode.swift; path = QRCodeViewController.swift; sourceTree = "<group>"; };
		9FB581322674C86A00231433 /* PrescriptionsViewController.swift */ = {isa = PBXFileReference; lastKnownFileType = sourcecode.swift; path = PrescriptionsViewController.swift; sourceTree = "<group>"; };
		9FB581342674CAA800231433 /* MissionCell.swift */ = {isa = PBXFileReference; fileEncoding = 4; lastKnownFileType = sourcecode.swift; name = MissionCell.swift; path = "../../../GPS Consumer/GPS Consumer/Cells/MissionCell.swift"; sourceTree = "<group>"; };
		9FB581362674D2B400231433 /* PrescriptionViewController.swift */ = {isa = PBXFileReference; fileEncoding = 4; lastKnownFileType = sourcecode.swift; name = PrescriptionViewController.swift; path = "../../../GPS Consumer/GPS Consumer/ViewControllers/PrescriptionViewController.swift"; sourceTree = "<group>"; };
		9FBA4A0E259AF2D800FEEEE4 /* GPS會員店.entitlements */ = {isa = PBXFileReference; lastKnownFileType = text.plist.entitlements; path = "GPS會員店.entitlements"; sourceTree = "<group>"; };
		9FCB3F46266CA07A00D510FE /* GoogleService-Info.plist */ = {isa = PBXFileReference; fileEncoding = 4; lastKnownFileType = text.plist.xml; name = "GoogleService-Info.plist"; path = "../../../../Desktop/gps/store/GoogleService-Info.plist"; sourceTree = "<group>"; };
		9FE50CE124E1180B0040BD9B /* FunctionCell.swift */ = {isa = PBXFileReference; lastKnownFileType = sourcecode.swift; path = FunctionCell.swift; sourceTree = "<group>"; };
		BE2998FD2FA06F38D3B544B8 /* Pods_GPS_Member_StoreUITests.framework */ = {isa = PBXFileReference; explicitFileType = wrapper.framework; includeInIndex = 0; path = Pods_GPS_Member_StoreUITests.framework; sourceTree = BUILT_PRODUCTS_DIR; };
		E588BEBA68D93FC41D165644 /* Pods-GPS Member StoreUITests.release.xcconfig */ = {isa = PBXFileReference; includeInIndex = 1; lastKnownFileType = text.xcconfig; name = "Pods-GPS Member StoreUITests.release.xcconfig"; path = "Target Support Files/Pods-GPS Member StoreUITests/Pods-GPS Member StoreUITests.release.xcconfig"; sourceTree = "<group>"; };
		E8B56E00923F51EEF4450707 /* Pods_GPS_Member_Store.framework */ = {isa = PBXFileReference; explicitFileType = wrapper.framework; includeInIndex = 0; path = Pods_GPS_Member_Store.framework; sourceTree = BUILT_PRODUCTS_DIR; };
		F22B2BB9A19BB411ECA9C1D3 /* Pods-GPS Member StoreUITests.debug.xcconfig */ = {isa = PBXFileReference; includeInIndex = 1; lastKnownFileType = text.xcconfig; name = "Pods-GPS Member StoreUITests.debug.xcconfig"; path = "Target Support Files/Pods-GPS Member StoreUITests/Pods-GPS Member StoreUITests.debug.xcconfig"; sourceTree = "<group>"; };
/* End PBXFileReference section */

/* Begin PBXFrameworksBuildPhase section */
		9F69DC2124CADD2800C67A6B /* Frameworks */ = {
			isa = PBXFrameworksBuildPhase;
			buildActionMask = 2147483647;
			files = (
				C85C9A3EE00D56FAC831257E /* Pods_GPS_Member_Store.framework in Frameworks */,
			);
			runOnlyForDeploymentPostprocessing = 0;
		};
		9F69DC3724CADD2B00C67A6B /* Frameworks */ = {
			isa = PBXFrameworksBuildPhase;
			buildActionMask = 2147483647;
			files = (
				B55BA19B2A3F6A40A0525F8D /* Pods_GPS_Member_StoreTests.framework in Frameworks */,
			);
			runOnlyForDeploymentPostprocessing = 0;
		};
		9F69DC4224CADD2B00C67A6B /* Frameworks */ = {
			isa = PBXFrameworksBuildPhase;
			buildActionMask = 2147483647;
			files = (
				67B13C5670740F1C9B81F4D0 /* Pods_GPS_Member_StoreUITests.framework in Frameworks */,
			);
			runOnlyForDeploymentPostprocessing = 0;
		};
/* End PBXFrameworksBuildPhase section */

/* Begin PBXGroup section */
		956EF778F9BED4804C51D1BF /* Pods */ = {
			isa = PBXGroup;
			children = (
				387156608D42A77B47505CF5 /* Pods-GPS Member Store.debug.xcconfig */,
				20BAA9CED53B6AB0CD4B072F /* Pods-GPS Member Store.release.xcconfig */,
				79727023AB88486EA92522F1 /* Pods-GPS Member StoreTests.debug.xcconfig */,
				726DD1B9CF4D9CA19794E3C3 /* Pods-GPS Member StoreTests.release.xcconfig */,
				F22B2BB9A19BB411ECA9C1D3 /* Pods-GPS Member StoreUITests.debug.xcconfig */,
				E588BEBA68D93FC41D165644 /* Pods-GPS Member StoreUITests.release.xcconfig */,
			);
			path = Pods;
			sourceTree = "<group>";
		};
		9F67E8A024CFE307004A8003 /* Fonts */ = {
			isa = PBXGroup;
			children = (
				9F67E8A124CFE32C004A8003 /* NotoSansTC-Black.otf */,
				9F67E8A224CFE32C004A8003 /* NotoSansTC-Bold.otf */,
				9F67E8A424CFE32D004A8003 /* NotoSansTC-Light.otf */,
				9F67E8A524CFE32D004A8003 /* NotoSansTC-Medium.otf */,
				9F67E8A324CFE32D004A8003 /* NotoSansTC-Regular.otf */,
				9F67E8A624CFE32E004A8003 /* NotoSansTC-Thin.otf */,
			);
			path = Fonts;
			sourceTree = "<group>";
		};
		9F69DC1B24CADD2800C67A6B = {
			isa = PBXGroup;
			children = (
				9F69DC2624CADD2800C67A6B /* GPS Member Store */,
				9F69DC3D24CADD2B00C67A6B /* GPS Member StoreTests */,
				9F69DC4824CADD2B00C67A6B /* GPS Member StoreUITests */,
				9F69DC2524CADD2800C67A6B /* Products */,
				956EF778F9BED4804C51D1BF /* Pods */,
				F0FF30C076DDA657F22D06FA /* Frameworks */,
			);
			sourceTree = "<group>";
		};
		9F69DC2524CADD2800C67A6B /* Products */ = {
			isa = PBXGroup;
			children = (
				9F69DC2424CADD2800C67A6B /* GPS會員店.app */,
				9F69DC3A24CADD2B00C67A6B /* GPS Member StoreTests.xctest */,
				9F69DC4524CADD2B00C67A6B /* GPS Member StoreUITests.xctest */,
			);
			name = Products;
			sourceTree = "<group>";
		};
		9F69DC2624CADD2800C67A6B /* GPS Member Store */ = {
			isa = PBXGroup;
			children = (
				9FBA4A0E259AF2D800FEEEE4 /* GPS會員店.entitlements */,
				9F69DC2724CADD2800C67A6B /* AppDelegate.swift */,
				9F15C09525553D1000D180A2 /* GlobalVariables.swift */,
				9F113D88255524690055DEAF /* AWSS3TransferManager.swift */,
				9F69DC2924CADD2800C67A6B /* SceneDelegate.swift */,
				9F15C0A52555541300D180A2 /* NetworkManager.swift */,
				9F69DC3524CADD2B00C67A6B /* Info.plist */,
				9FCB3F46266CA07A00D510FE /* GoogleService-Info.plist */,
				9F67E8A024CFE307004A8003 /* Fonts */,
				9F69DC5E24CADEAC00C67A6B /* Cells */,
				9F69DC5B24CADDFC00C67A6B /* ViewControllers */,
				9F69DC2D24CADD2800C67A6B /* Main.storyboard */,
				9F69DC3024CADD2B00C67A6B /* Assets.xcassets */,
				9F69DC3224CADD2B00C67A6B /* LaunchScreen.storyboard */,
			);
			path = "GPS Member Store";
			sourceTree = "<group>";
		};
		9F69DC3D24CADD2B00C67A6B /* GPS Member StoreTests */ = {
			isa = PBXGroup;
			children = (
				9F69DC3E24CADD2B00C67A6B /* GPS_Member_StoreTests.swift */,
				9F69DC4024CADD2B00C67A6B /* Info.plist */,
			);
			path = "GPS Member StoreTests";
			sourceTree = "<group>";
		};
		9F69DC4824CADD2B00C67A6B /* GPS Member StoreUITests */ = {
			isa = PBXGroup;
			children = (
				9F69DC4924CADD2B00C67A6B /* GPS_Member_StoreUITests.swift */,
				9F69DC4B24CADD2B00C67A6B /* Info.plist */,
			);
			path = "GPS Member StoreUITests";
			sourceTree = "<group>";
		};
		9F69DC5B24CADDFC00C67A6B /* ViewControllers */ = {
			isa = PBXGroup;
			children = (
				9F67E8B324D00240004A8003 /* BarcodeScannerViewController.swift */,
				9F113D132552DE300055DEAF /* ChangePasswordViewController.swift */,
				9F69DC6924CAE07300C67A6B /* ConsumerSearchViewController.swift */,
				9F79CB2524D3E5660070F883 /* ConsumerDetailViewController.swift */,
				9F67E8B724D00B67004A8003 /* ElectronicDocViewController.swift */,
				9F69DC6124CADEC900C67A6B /* ForgetPasswordViewController.swift */,
				9F69DC6B24CAE0B000C67A6B /* HomeViewController.swift */,
				9F113D182552DE370055DEAF /* ImagesViewController.swift */,
				9F113D1D2552DE3C0055DEAF /* ImageViewZoom.swift */,
				9F113D222552DE460055DEAF /* MessageViewController.swift */,
				9F113D272552DE4F0055DEAF /* MessageComposeViewController.swift */,
				9F113D2C2552DE540055DEAF /* MessageDetailViewController.swift */,
				9F67E8B924D00E44004A8003 /* PDFViewController.swift */,
				9FB581362674D2B400231433 /* PrescriptionViewController.swift */,
				9FB581322674C86A00231433 /* PrescriptionsViewController.swift */,
				9F69DC6324CADF0600C67A6B /* ProductSearchViewController.swift */,
				9F67E8AD24CFFD47004A8003 /* ProductSearchResultViewController.swift */,
				9F67E8B124CFFFA3004A8003 /* ProductDetailViewController.swift */,
				9F69DC5C24CADE9800C67A6B /* LoginViewController.swift */,
				9F79CB1724D3C17E0070F883 /* TagsViewController.swift */,
				9F113D312552DE5E0055DEAF /* RewardCardsViewController.swift */,
				9F69DC6524CADFBA00C67A6B /* RequestViewController.swift */,
				9F731AAA24D163FF00FCB267 /* RequestComposeViewController.swift */,
				9F15C09A25553FEB00D180A2 /* RequestDetailViewController.swift */,
				9F79CB2924D425D00070F883 /* QRCodeViewController.swift */,
				9F69DC2B24CADD2800C67A6B /* ViewController.swift */,
			);
			path = ViewControllers;
			sourceTree = "<group>";
		};
		9F69DC5E24CADEAC00C67A6B /* Cells */ = {
			isa = PBXGroup;
			children = (
				9F67E8BB24D02124004A8003 /* ConsumerCell.swift */,
				9F67E8B524D00A81004A8003 /* ElectronicDocCell.swift */,
				9FE50CE124E1180B0040BD9B /* FunctionCell.swift */,
				9F113CF02552DDEE0055DEAF /* FormCell.swift */,
				9F113CF52552DDF50055DEAF /* TableCell.swift */,
				9F113CFA2552DDFF0055DEAF /* LineImageCell.swift */,
				9F67E8AF24CFFEFD004A8003 /* ProductCell.swift */,
				9F113CFF2552DE0B0055DEAF /* MessageCell.swift */,
				9F113D042552DE110055DEAF /* RewardCardCell.swift */,
				9F731AA824D14C6600FCB267 /* RequestCell.swift */,
				9F404126256FA1E40022B65A /* TagCell.swift */,
				9F113D0E2552DE240055DEAF /* ThreadCell.swift */,
				9F113D092552DE1B0055DEAF /* PointCell.swift */,
				9FB581342674CAA800231433 /* MissionCell.swift */,
			);
			path = Cells;
			sourceTree = "<group>";
		};
		F0FF30C076DDA657F22D06FA /* Frameworks */ = {
			isa = PBXGroup;
			children = (
				E8B56E00923F51EEF4450707 /* Pods_GPS_Member_Store.framework */,
				300801A25B59A7FA41EBA2EB /* Pods_GPS_Member_StoreTests.framework */,
				BE2998FD2FA06F38D3B544B8 /* Pods_GPS_Member_StoreUITests.framework */,
			);
			name = Frameworks;
			sourceTree = "<group>";
		};
/* End PBXGroup section */

/* Begin PBXNativeTarget section */
		9F69DC2324CADD2800C67A6B /* GPS Member Store */ = {
			isa = PBXNativeTarget;
			buildConfigurationList = 9F69DC4E24CADD2B00C67A6B /* Build configuration list for PBXNativeTarget "GPS Member Store" */;
			buildPhases = (
				C89940AFB3800CFA52433A83 /* [CP] Check Pods Manifest.lock */,
				9F69DC2024CADD2800C67A6B /* Sources */,
				9F69DC2124CADD2800C67A6B /* Frameworks */,
				9F69DC2224CADD2800C67A6B /* Resources */,
				163F6361C6983ECF05DB60A7 /* [CP] Embed Pods Frameworks */,
			);
			buildRules = (
			);
			dependencies = (
			);
			name = "GPS Member Store";
			productName = "GPS Member Store";
			productReference = 9F69DC2424CADD2800C67A6B /* GPS會員店.app */;
			productType = "com.apple.product-type.application";
		};
		9F69DC3924CADD2B00C67A6B /* GPS Member StoreTests */ = {
			isa = PBXNativeTarget;
			buildConfigurationList = 9F69DC5124CADD2B00C67A6B /* Build configuration list for PBXNativeTarget "GPS Member StoreTests" */;
			buildPhases = (
				86CC57ED1AFEEDA5F5E4B551 /* [CP] Check Pods Manifest.lock */,
				9F69DC3624CADD2B00C67A6B /* Sources */,
				9F69DC3724CADD2B00C67A6B /* Frameworks */,
				9F69DC3824CADD2B00C67A6B /* Resources */,
			);
			buildRules = (
			);
			dependencies = (
				9F69DC3C24CADD2B00C67A6B /* PBXTargetDependency */,
			);
			name = "GPS Member StoreTests";
			productName = "GPS Member StoreTests";
			productReference = 9F69DC3A24CADD2B00C67A6B /* GPS Member StoreTests.xctest */;
			productType = "com.apple.product-type.bundle.unit-test";
		};
		9F69DC4424CADD2B00C67A6B /* GPS Member StoreUITests */ = {
			isa = PBXNativeTarget;
			buildConfigurationList = 9F69DC5424CADD2B00C67A6B /* Build configuration list for PBXNativeTarget "GPS Member StoreUITests" */;
			buildPhases = (
				4D894606242AE1660D28B319 /* [CP] Check Pods Manifest.lock */,
				9F69DC4124CADD2B00C67A6B /* Sources */,
				9F69DC4224CADD2B00C67A6B /* Frameworks */,
				9F69DC4324CADD2B00C67A6B /* Resources */,
			);
			buildRules = (
			);
			dependencies = (
				9F69DC4724CADD2B00C67A6B /* PBXTargetDependency */,
			);
			name = "GPS Member StoreUITests";
			productName = "GPS Member StoreUITests";
			productReference = 9F69DC4524CADD2B00C67A6B /* GPS Member StoreUITests.xctest */;
			productType = "com.apple.product-type.bundle.ui-testing";
		};
/* End PBXNativeTarget section */

/* Begin PBXProject section */
		9F69DC1C24CADD2800C67A6B /* Project object */ = {
			isa = PBXProject;
			attributes = {
				LastSwiftUpdateCheck = 1150;
				LastUpgradeCheck = 1150;
				ORGANIZATIONNAME = "Allen Hsiao";
				TargetAttributes = {
					9F69DC2324CADD2800C67A6B = {
						CreatedOnToolsVersion = 11.5;
					};
					9F69DC3924CADD2B00C67A6B = {
						CreatedOnToolsVersion = 11.5;
						TestTargetID = 9F69DC2324CADD2800C67A6B;
					};
					9F69DC4424CADD2B00C67A6B = {
						CreatedOnToolsVersion = 11.5;
						TestTargetID = 9F69DC2324CADD2800C67A6B;
					};
				};
			};
			buildConfigurationList = 9F69DC1F24CADD2800C67A6B /* Build configuration list for PBXProject "GPS Member Store" */;
			compatibilityVersion = "Xcode 9.3";
			developmentRegion = en;
			hasScannedForEncodings = 0;
			knownRegions = (
				en,
				Base,
			);
			mainGroup = 9F69DC1B24CADD2800C67A6B;
			productRefGroup = 9F69DC2524CADD2800C67A6B /* Products */;
			projectDirPath = "";
			projectRoot = "";
			targets = (
				9F69DC2324CADD2800C67A6B /* GPS Member Store */,
				9F69DC3924CADD2B00C67A6B /* GPS Member StoreTests */,
				9F69DC4424CADD2B00C67A6B /* GPS Member StoreUITests */,
			);
		};
/* End PBXProject section */

/* Begin PBXResourcesBuildPhase section */
		9F69DC2224CADD2800C67A6B /* Resources */ = {
			isa = PBXResourcesBuildPhase;
			buildActionMask = 2147483647;
			files = (
				9F67E8A724CFE368004A8003 /* NotoSansTC-Black.otf in Resources */,
				9F67E8A824CFE368004A8003 /* NotoSansTC-Bold.otf in Resources */,
				9F67E8A924CFE368004A8003 /* NotoSansTC-Light.otf in Resources */,
				9F67E8AA24CFE368004A8003 /* NotoSansTC-Medium.otf in Resources */,
				9F67E8AB24CFE368004A8003 /* NotoSansTC-Regular.otf in Resources */,
				9F67E8AC24CFE368004A8003 /* NotoSansTC-Thin.otf in Resources */,
				9F69DC3424CADD2B00C67A6B /* LaunchScreen.storyboard in Resources */,
				9FCB3F47266CA07A00D510FE /* GoogleService-Info.plist in Resources */,
				9F69DC3124CADD2B00C67A6B /* Assets.xcassets in Resources */,
				9F69DC2F24CADD2800C67A6B /* Main.storyboard in Resources */,
			);
			runOnlyForDeploymentPostprocessing = 0;
		};
		9F69DC3824CADD2B00C67A6B /* Resources */ = {
			isa = PBXResourcesBuildPhase;
			buildActionMask = 2147483647;
			files = (
			);
			runOnlyForDeploymentPostprocessing = 0;
		};
		9F69DC4324CADD2B00C67A6B /* Resources */ = {
			isa = PBXResourcesBuildPhase;
			buildActionMask = 2147483647;
			files = (
			);
			runOnlyForDeploymentPostprocessing = 0;
		};
/* End PBXResourcesBuildPhase section */

/* Begin PBXShellScriptBuildPhase section */
		163F6361C6983ECF05DB60A7 /* [CP] Embed Pods Frameworks */ = {
			isa = PBXShellScriptBuildPhase;
			buildActionMask = 2147483647;
			files = (
			);
			inputFileListPaths = (
				"${PODS_ROOT}/Target Support Files/Pods-GPS Member Store/Pods-GPS Member Store-frameworks-${CONFIGURATION}-input-files.xcfilelist",
			);
			name = "[CP] Embed Pods Frameworks";
			outputFileListPaths = (
				"${PODS_ROOT}/Target Support Files/Pods-GPS Member Store/Pods-GPS Member Store-frameworks-${CONFIGURATION}-output-files.xcfilelist",
			);
			runOnlyForDeploymentPostprocessing = 0;
			shellPath = /bin/sh;
			shellScript = "\"${PODS_ROOT}/Target Support Files/Pods-GPS Member Store/Pods-GPS Member Store-frameworks.sh\"\n";
			showEnvVarsInLog = 0;
		};
		4D894606242AE1660D28B319 /* [CP] Check Pods Manifest.lock */ = {
			isa = PBXShellScriptBuildPhase;
			buildActionMask = 2147483647;
			files = (
			);
			inputFileListPaths = (
			);
			inputPaths = (
				"${PODS_PODFILE_DIR_PATH}/Podfile.lock",
				"${PODS_ROOT}/Manifest.lock",
			);
			name = "[CP] Check Pods Manifest.lock";
			outputFileListPaths = (
			);
			outputPaths = (
				"$(DERIVED_FILE_DIR)/Pods-GPS Member StoreUITests-checkManifestLockResult.txt",
			);
			runOnlyForDeploymentPostprocessing = 0;
			shellPath = /bin/sh;
			shellScript = "diff \"${PODS_PODFILE_DIR_PATH}/Podfile.lock\" \"${PODS_ROOT}/Manifest.lock\" > /dev/null\nif [ $? != 0 ] ; then\n    # print error to STDERR\n    echo \"error: The sandbox is not in sync with the Podfile.lock. Run 'pod install' or update your CocoaPods installation.\" >&2\n    exit 1\nfi\n# This output is used by Xcode 'outputs' to avoid re-running this script phase.\necho \"SUCCESS\" > \"${SCRIPT_OUTPUT_FILE_0}\"\n";
			showEnvVarsInLog = 0;
		};
		86CC57ED1AFEEDA5F5E4B551 /* [CP] Check Pods Manifest.lock */ = {
			isa = PBXShellScriptBuildPhase;
			buildActionMask = 2147483647;
			files = (
			);
			inputFileListPaths = (
			);
			inputPaths = (
				"${PODS_PODFILE_DIR_PATH}/Podfile.lock",
				"${PODS_ROOT}/Manifest.lock",
			);
			name = "[CP] Check Pods Manifest.lock";
			outputFileListPaths = (
			);
			outputPaths = (
				"$(DERIVED_FILE_DIR)/Pods-GPS Member StoreTests-checkManifestLockResult.txt",
			);
			runOnlyForDeploymentPostprocessing = 0;
			shellPath = /bin/sh;
			shellScript = "diff \"${PODS_PODFILE_DIR_PATH}/Podfile.lock\" \"${PODS_ROOT}/Manifest.lock\" > /dev/null\nif [ $? != 0 ] ; then\n    # print error to STDERR\n    echo \"error: The sandbox is not in sync with the Podfile.lock. Run 'pod install' or update your CocoaPods installation.\" >&2\n    exit 1\nfi\n# This output is used by Xcode 'outputs' to avoid re-running this script phase.\necho \"SUCCESS\" > \"${SCRIPT_OUTPUT_FILE_0}\"\n";
			showEnvVarsInLog = 0;
		};
		C89940AFB3800CFA52433A83 /* [CP] Check Pods Manifest.lock */ = {
			isa = PBXShellScriptBuildPhase;
			buildActionMask = 2147483647;
			files = (
			);
			inputFileListPaths = (
			);
			inputPaths = (
				"${PODS_PODFILE_DIR_PATH}/Podfile.lock",
				"${PODS_ROOT}/Manifest.lock",
			);
			name = "[CP] Check Pods Manifest.lock";
			outputFileListPaths = (
			);
			outputPaths = (
				"$(DERIVED_FILE_DIR)/Pods-GPS Member Store-checkManifestLockResult.txt",
			);
			runOnlyForDeploymentPostprocessing = 0;
			shellPath = /bin/sh;
			shellScript = "diff \"${PODS_PODFILE_DIR_PATH}/Podfile.lock\" \"${PODS_ROOT}/Manifest.lock\" > /dev/null\nif [ $? != 0 ] ; then\n    # print error to STDERR\n    echo \"error: The sandbox is not in sync with the Podfile.lock. Run 'pod install' or update your CocoaPods installation.\" >&2\n    exit 1\nfi\n# This output is used by Xcode 'outputs' to avoid re-running this script phase.\necho \"SUCCESS\" > \"${SCRIPT_OUTPUT_FILE_0}\"\n";
			showEnvVarsInLog = 0;
		};
/* End PBXShellScriptBuildPhase section */

/* Begin PBXSourcesBuildPhase section */
		9F69DC2024CADD2800C67A6B /* Sources */ = {
			isa = PBXSourcesBuildPhase;
			buildActionMask = 2147483647;
			files = (
				9F113D002552DE0B0055DEAF /* MessageCell.swift in Sources */,
				9F15C09B25553FEB00D180A2 /* RequestDetailViewController.swift in Sources */,
				9F731AA924D14C6600FCB267 /* RequestCell.swift in Sources */,
				9F113CF12552DDEE0055DEAF /* FormCell.swift in Sources */,
				9F69DC2C24CADD2800C67A6B /* ViewController.swift in Sources */,
				9F69DC6C24CAE0B000C67A6B /* HomeViewController.swift in Sources */,
				9F113D192552DE370055DEAF /* ImagesViewController.swift in Sources */,
				9F113D2D2552DE540055DEAF /* MessageDetailViewController.swift in Sources */,
				9F113CF62552DDF50055DEAF /* TableCell.swift in Sources */,
				9F79CB2624D3E5660070F883 /* ConsumerDetailViewController.swift in Sources */,
				9F69DC2824CADD2800C67A6B /* AppDelegate.swift in Sources */,
				9F67E8B424D00240004A8003 /* BarcodeScannerViewController.swift in Sources */,
				9F113D0F2552DE240055DEAF /* ThreadCell.swift in Sources */,
				9F113D89255524690055DEAF /* AWSS3TransferManager.swift in Sources */,
				9F404127256FA1E40022B65A /* TagCell.swift in Sources */,
				9F113D052552DE110055DEAF /* RewardCardCell.swift in Sources */,
				9F79CB1824D3C17E0070F883 /* TagsViewController.swift in Sources */,
				9F69DC2A24CADD2800C67A6B /* SceneDelegate.swift in Sources */,
				9F69DC6A24CAE07300C67A6B /* ConsumerSearchViewController.swift in Sources */,
				9FB581372674D2B400231433 /* PrescriptionViewController.swift in Sources */,
				9F15C0A62555541300D180A2 /* NetworkManager.swift in Sources */,
				9F113D322552DE5E0055DEAF /* RewardCardsViewController.swift in Sources */,
				9F69DC6224CADEC900C67A6B /* ForgetPasswordViewController.swift in Sources */,
				9F79CB2A24D425D00070F883 /* QRCodeViewController.swift in Sources */,
				9F67E8BC24D02124004A8003 /* ConsumerCell.swift in Sources */,
				9F69DC6624CADFBA00C67A6B /* RequestViewController.swift in Sources */,
				9F67E8BA24D00E44004A8003 /* PDFViewController.swift in Sources */,
				9FE50CE224E1180B0040BD9B /* FunctionCell.swift in Sources */,
				9FB581332674C86A00231433 /* PrescriptionsViewController.swift in Sources */,
				9F731AAB24D163FF00FCB267 /* RequestComposeViewController.swift in Sources */,
				9F113D282552DE4F0055DEAF /* MessageComposeViewController.swift in Sources */,
				9F113CFB2552DDFF0055DEAF /* LineImageCell.swift in Sources */,
				9F67E8B224CFFFA3004A8003 /* ProductDetailViewController.swift in Sources */,
				9F69DC5D24CADE9800C67A6B /* LoginViewController.swift in Sources */,
				9F67E8B824D00B67004A8003 /* ElectronicDocViewController.swift in Sources */,
				9FB581352674CAA800231433 /* MissionCell.swift in Sources */,
				9F113D142552DE300055DEAF /* ChangePasswordViewController.swift in Sources */,
				9F67E8B624D00A81004A8003 /* ElectronicDocCell.swift in Sources */,
				9F113D232552DE460055DEAF /* MessageViewController.swift in Sources */,
				9F15C09625553D1100D180A2 /* GlobalVariables.swift in Sources */,
				9F113D1E2552DE3C0055DEAF /* ImageViewZoom.swift in Sources */,
				9F67E8B024CFFEFD004A8003 /* ProductCell.swift in Sources */,
				9F67E8AE24CFFD47004A8003 /* ProductSearchResultViewController.swift in Sources */,
				9F113D0A2552DE1B0055DEAF /* PointCell.swift in Sources */,
				9F69DC6424CADF0600C67A6B /* ProductSearchViewController.swift in Sources */,
			);
			runOnlyForDeploymentPostprocessing = 0;
		};
		9F69DC3624CADD2B00C67A6B /* Sources */ = {
			isa = PBXSourcesBuildPhase;
			buildActionMask = 2147483647;
			files = (
				9F69DC3F24CADD2B00C67A6B /* GPS_Member_StoreTests.swift in Sources */,
			);
			runOnlyForDeploymentPostprocessing = 0;
		};
		9F69DC4124CADD2B00C67A6B /* Sources */ = {
			isa = PBXSourcesBuildPhase;
			buildActionMask = 2147483647;
			files = (
				9F69DC4A24CADD2B00C67A6B /* GPS_Member_StoreUITests.swift in Sources */,
			);
			runOnlyForDeploymentPostprocessing = 0;
		};
/* End PBXSourcesBuildPhase section */

/* Begin PBXTargetDependency section */
		9F69DC3C24CADD2B00C67A6B /* PBXTargetDependency */ = {
			isa = PBXTargetDependency;
			target = 9F69DC2324CADD2800C67A6B /* GPS Member Store */;
			targetProxy = 9F69DC3B24CADD2B00C67A6B /* PBXContainerItemProxy */;
		};
		9F69DC4724CADD2B00C67A6B /* PBXTargetDependency */ = {
			isa = PBXTargetDependency;
			target = 9F69DC2324CADD2800C67A6B /* GPS Member Store */;
			targetProxy = 9F69DC4624CADD2B00C67A6B /* PBXContainerItemProxy */;
		};
/* End PBXTargetDependency section */

/* Begin PBXVariantGroup section */
		9F69DC2D24CADD2800C67A6B /* Main.storyboard */ = {
			isa = PBXVariantGroup;
			children = (
				9F69DC2E24CADD2800C67A6B /* Base */,
			);
			name = Main.storyboard;
			sourceTree = "<group>";
		};
		9F69DC3224CADD2B00C67A6B /* LaunchScreen.storyboard */ = {
			isa = PBXVariantGroup;
			children = (
				9F69DC3324CADD2B00C67A6B /* Base */,
			);
			name = LaunchScreen.storyboard;
			sourceTree = "<group>";
		};
/* End PBXVariantGroup section */

/* Begin XCBuildConfiguration section */
		9F69DC4C24CADD2B00C67A6B /* Debug */ = {
			isa = XCBuildConfiguration;
			buildSettings = {
				ALWAYS_SEARCH_USER_PATHS = NO;
				CLANG_ANALYZER_NONNULL = YES;
				CLANG_ANALYZER_NUMBER_OBJECT_CONVERSION = YES_AGGRESSIVE;
				CLANG_CXX_LANGUAGE_STANDARD = "gnu++14";
				CLANG_CXX_LIBRARY = "libc++";
				CLANG_ENABLE_MODULES = YES;
				CLANG_ENABLE_OBJC_ARC = YES;
				CLANG_ENABLE_OBJC_WEAK = YES;
				CLANG_WARN_BLOCK_CAPTURE_AUTORELEASING = YES;
				CLANG_WARN_BOOL_CONVERSION = YES;
				CLANG_WARN_COMMA = YES;
				CLANG_WARN_CONSTANT_CONVERSION = YES;
				CLANG_WARN_DEPRECATED_OBJC_IMPLEMENTATIONS = YES;
				CLANG_WARN_DIRECT_OBJC_ISA_USAGE = YES_ERROR;
				CLANG_WARN_DOCUMENTATION_COMMENTS = YES;
				CLANG_WARN_EMPTY_BODY = YES;
				CLANG_WARN_ENUM_CONVERSION = YES;
				CLANG_WARN_INFINITE_RECURSION = YES;
				CLANG_WARN_INT_CONVERSION = YES;
				CLANG_WARN_NON_LITERAL_NULL_CONVERSION = YES;
				CLANG_WARN_OBJC_IMPLICIT_RETAIN_SELF = YES;
				CLANG_WARN_OBJC_LITERAL_CONVERSION = YES;
				CLANG_WARN_OBJC_ROOT_CLASS = YES_ERROR;
				CLANG_WARN_RANGE_LOOP_ANALYSIS = YES;
				CLANG_WARN_STRICT_PROTOTYPES = YES;
				CLANG_WARN_SUSPICIOUS_MOVE = YES;
				CLANG_WARN_UNGUARDED_AVAILABILITY = YES_AGGRESSIVE;
				CLANG_WARN_UNREACHABLE_CODE = YES;
				CLANG_WARN__DUPLICATE_METHOD_MATCH = YES;
				COPY_PHASE_STRIP = NO;
				DEBUG_INFORMATION_FORMAT = dwarf;
				ENABLE_STRICT_OBJC_MSGSEND = YES;
				ENABLE_TESTABILITY = YES;
				GCC_C_LANGUAGE_STANDARD = gnu11;
				GCC_DYNAMIC_NO_PIC = NO;
				GCC_NO_COMMON_BLOCKS = YES;
				GCC_OPTIMIZATION_LEVEL = 0;
				GCC_PREPROCESSOR_DEFINITIONS = (
					"DEBUG=1",
					"$(inherited)",
				);
				GCC_WARN_64_TO_32_BIT_CONVERSION = YES;
				GCC_WARN_ABOUT_RETURN_TYPE = YES_ERROR;
				GCC_WARN_UNDECLARED_SELECTOR = YES;
				GCC_WARN_UNINITIALIZED_AUTOS = YES_AGGRESSIVE;
				GCC_WARN_UNUSED_FUNCTION = YES;
				GCC_WARN_UNUSED_VARIABLE = YES;
				IPHONEOS_DEPLOYMENT_TARGET = 12.0;
				MTL_ENABLE_DEBUG_INFO = INCLUDE_SOURCE;
				MTL_FAST_MATH = YES;
				ONLY_ACTIVE_ARCH = YES;
				SDKROOT = iphoneos;
				SWIFT_ACTIVE_COMPILATION_CONDITIONS = DEBUG;
				SWIFT_OPTIMIZATION_LEVEL = "-Onone";
			};
			name = Debug;
		};
		9F69DC4D24CADD2B00C67A6B /* Release */ = {
			isa = XCBuildConfiguration;
			buildSettings = {
				ALWAYS_SEARCH_USER_PATHS = NO;
				CLANG_ANALYZER_NONNULL = YES;
				CLANG_ANALYZER_NUMBER_OBJECT_CONVERSION = YES_AGGRESSIVE;
				CLANG_CXX_LANGUAGE_STANDARD = "gnu++14";
				CLANG_CXX_LIBRARY = "libc++";
				CLANG_ENABLE_MODULES = YES;
				CLANG_ENABLE_OBJC_ARC = YES;
				CLANG_ENABLE_OBJC_WEAK = YES;
				CLANG_WARN_BLOCK_CAPTURE_AUTORELEASING = YES;
				CLANG_WARN_BOOL_CONVERSION = YES;
				CLANG_WARN_COMMA = YES;
				CLANG_WARN_CONSTANT_CONVERSION = YES;
				CLANG_WARN_DEPRECATED_OBJC_IMPLEMENTATIONS = YES;
				CLANG_WARN_DIRECT_OBJC_ISA_USAGE = YES_ERROR;
				CLANG_WARN_DOCUMENTATION_COMMENTS = YES;
				CLANG_WARN_EMPTY_BODY = YES;
				CLANG_WARN_ENUM_CONVERSION = YES;
				CLANG_WARN_INFINITE_RECURSION = YES;
				CLANG_WARN_INT_CONVERSION = YES;
				CLANG_WARN_NON_LITERAL_NULL_CONVERSION = YES;
				CLANG_WARN_OBJC_IMPLICIT_RETAIN_SELF = YES;
				CLANG_WARN_OBJC_LITERAL_CONVERSION = YES;
				CLANG_WARN_OBJC_ROOT_CLASS = YES_ERROR;
				CLANG_WARN_RANGE_LOOP_ANALYSIS = YES;
				CLANG_WARN_STRICT_PROTOTYPES = YES;
				CLANG_WARN_SUSPICIOUS_MOVE = YES;
				CLANG_WARN_UNGUARDED_AVAILABILITY = YES_AGGRESSIVE;
				CLANG_WARN_UNREACHABLE_CODE = YES;
				CLANG_WARN__DUPLICATE_METHOD_MATCH = YES;
				COPY_PHASE_STRIP = NO;
				DEBUG_INFORMATION_FORMAT = "dwarf-with-dsym";
				ENABLE_NS_ASSERTIONS = NO;
				ENABLE_STRICT_OBJC_MSGSEND = YES;
				GCC_C_LANGUAGE_STANDARD = gnu11;
				GCC_NO_COMMON_BLOCKS = YES;
				GCC_WARN_64_TO_32_BIT_CONVERSION = YES;
				GCC_WARN_ABOUT_RETURN_TYPE = YES_ERROR;
				GCC_WARN_UNDECLARED_SELECTOR = YES;
				GCC_WARN_UNINITIALIZED_AUTOS = YES_AGGRESSIVE;
				GCC_WARN_UNUSED_FUNCTION = YES;
				GCC_WARN_UNUSED_VARIABLE = YES;
				IPHONEOS_DEPLOYMENT_TARGET = 12.0;
				MTL_ENABLE_DEBUG_INFO = NO;
				MTL_FAST_MATH = YES;
				SDKROOT = iphoneos;
				SWIFT_COMPILATION_MODE = wholemodule;
				SWIFT_OPTIMIZATION_LEVEL = "-O";
				VALIDATE_PRODUCT = YES;
			};
			name = Release;
		};
		9F69DC4F24CADD2B00C67A6B /* Debug */ = {
			isa = XCBuildConfiguration;
			baseConfigurationReference = 387156608D42A77B47505CF5 /* Pods-GPS Member Store.debug.xcconfig */;
			buildSettings = {
				ASSETCATALOG_COMPILER_APPICON_NAME = AppIcon;
				CODE_SIGN_ENTITLEMENTS = "GPS Member Store/GPS會員店.entitlements";
				CODE_SIGN_STYLE = Automatic;
				CURRENT_PROJECT_VERSION = 1;
				DEVELOPMENT_TEAM = 876NU5YR8U;
				INFOPLIST_FILE = "GPS Member Store/Info.plist";
				LD_RUNPATH_SEARCH_PATHS = (
					"$(inherited)",
					"@executable_path/Frameworks",
				);
				MARKETING_VERSION = 1.1;
				PRODUCT_BUNDLE_IDENTIFIER = com.gps.memberapp;
				PRODUCT_NAME = "GPS會員店";
				SWIFT_VERSION = 5.0;
				TARGETED_DEVICE_FAMILY = "1,2";
			};
			name = Debug;
		};
		9F69DC5024CADD2B00C67A6B /* Release */ = {
			isa = XCBuildConfiguration;
			baseConfigurationReference = 20BAA9CED53B6AB0CD4B072F /* Pods-GPS Member Store.release.xcconfig */;
			buildSettings = {
				ASSETCATALOG_COMPILER_APPICON_NAME = AppIcon;
				CODE_SIGN_ENTITLEMENTS = "GPS Member Store/GPS會員店.entitlements";
				CODE_SIGN_STYLE = Automatic;
				CURRENT_PROJECT_VERSION = 1;
				DEVELOPMENT_TEAM = 876NU5YR8U;
				INFOPLIST_FILE = "GPS Member Store/Info.plist";
				LD_RUNPATH_SEARCH_PATHS = (
					"$(inherited)",
					"@executable_path/Frameworks",
				);
				MARKETING_VERSION = 1.1;
				PRODUCT_BUNDLE_IDENTIFIER = com.gps.memberapp;
				PRODUCT_NAME = "GPS會員店";
				SWIFT_VERSION = 5.0;
				TARGETED_DEVICE_FAMILY = "1,2";
			};
			name = Release;
		};
		9F69DC5224CADD2B00C67A6B /* Debug */ = {
			isa = XCBuildConfiguration;
			baseConfigurationReference = 79727023AB88486EA92522F1 /* Pods-GPS Member StoreTests.debug.xcconfig */;
			buildSettings = {
				ALWAYS_EMBED_SWIFT_STANDARD_LIBRARIES = YES;
				BUNDLE_LOADER = "$(TEST_HOST)";
				CODE_SIGN_STYLE = Automatic;
				DEVELOPMENT_TEAM = K78UD4724Z;
				INFOPLIST_FILE = "GPS Member StoreTests/Info.plist";
				IPHONEOS_DEPLOYMENT_TARGET = 13.5;
				LD_RUNPATH_SEARCH_PATHS = (
					"$(inherited)",
					"@executable_path/Frameworks",
					"@loader_path/Frameworks",
				);
				PRODUCT_BUNDLE_IDENTIFIER = "ah.GPS-Member-StoreTests";
				PRODUCT_NAME = "$(TARGET_NAME)";
				SWIFT_VERSION = 5.0;
				TARGETED_DEVICE_FAMILY = "1,2";
				TEST_HOST = "$(BUILT_PRODUCTS_DIR)/GPS Member Store.app/GPS Member Store";
			};
			name = Debug;
		};
		9F69DC5324CADD2B00C67A6B /* Release */ = {
			isa = XCBuildConfiguration;
			baseConfigurationReference = 726DD1B9CF4D9CA19794E3C3 /* Pods-GPS Member StoreTests.release.xcconfig */;
			buildSettings = {
				ALWAYS_EMBED_SWIFT_STANDARD_LIBRARIES = YES;
				BUNDLE_LOADER = "$(TEST_HOST)";
				CODE_SIGN_STYLE = Automatic;
				DEVELOPMENT_TEAM = K78UD4724Z;
				INFOPLIST_FILE = "GPS Member StoreTests/Info.plist";
				IPHONEOS_DEPLOYMENT_TARGET = 13.5;
				LD_RUNPATH_SEARCH_PATHS = (
					"$(inherited)",
					"@executable_path/Frameworks",
					"@loader_path/Frameworks",
				);
				PRODUCT_BUNDLE_IDENTIFIER = "ah.GPS-Member-StoreTests";
				PRODUCT_NAME = "$(TARGET_NAME)";
				SWIFT_VERSION = 5.0;
				TARGETED_DEVICE_FAMILY = "1,2";
				TEST_HOST = "$(BUILT_PRODUCTS_DIR)/GPS Member Store.app/GPS Member Store";
			};
			name = Release;
		};
		9F69DC5524CADD2B00C67A6B /* Debug */ = {
			isa = XCBuildConfiguration;
			baseConfigurationReference = F22B2BB9A19BB411ECA9C1D3 /* Pods-GPS Member StoreUITests.debug.xcconfig */;
			buildSettings = {
				ALWAYS_EMBED_SWIFT_STANDARD_LIBRARIES = YES;
				CODE_SIGN_STYLE = Automatic;
				DEVELOPMENT_TEAM = K78UD4724Z;
				INFOPLIST_FILE = "GPS Member StoreUITests/Info.plist";
				LD_RUNPATH_SEARCH_PATHS = (
					"$(inherited)",
					"@executable_path/Frameworks",
					"@loader_path/Frameworks",
				);
				PRODUCT_BUNDLE_IDENTIFIER = "ah.GPS-Member-StoreUITests";
				PRODUCT_NAME = "$(TARGET_NAME)";
				SWIFT_VERSION = 5.0;
				TARGETED_DEVICE_FAMILY = "1,2";
				TEST_TARGET_NAME = "GPS Member Store";
			};
			name = Debug;
		};
		9F69DC5624CADD2B00C67A6B /* Release */ = {
			isa = XCBuildConfiguration;
			baseConfigurationReference = E588BEBA68D93FC41D165644 /* Pods-GPS Member StoreUITests.release.xcconfig */;
			buildSettings = {
				ALWAYS_EMBED_SWIFT_STANDARD_LIBRARIES = YES;
				CODE_SIGN_STYLE = Automatic;
				DEVELOPMENT_TEAM = K78UD4724Z;
				INFOPLIST_FILE = "GPS Member StoreUITests/Info.plist";
				LD_RUNPATH_SEARCH_PATHS = (
					"$(inherited)",
					"@executable_path/Frameworks",
					"@loader_path/Frameworks",
				);
				PRODUCT_BUNDLE_IDENTIFIER = "ah.GPS-Member-StoreUITests";
				PRODUCT_NAME = "$(TARGET_NAME)";
				SWIFT_VERSION = 5.0;
				TARGETED_DEVICE_FAMILY = "1,2";
				TEST_TARGET_NAME = "GPS Member Store";
			};
			name = Release;
		};
/* End XCBuildConfiguration section */

/* Begin XCConfigurationList section */
		9F69DC1F24CADD2800C67A6B /* Build configuration list for PBXProject "GPS Member Store" */ = {
			isa = XCConfigurationList;
			buildConfigurations = (
				9F69DC4C24CADD2B00C67A6B /* Debug */,
				9F69DC4D24CADD2B00C67A6B /* Release */,
			);
			defaultConfigurationIsVisible = 0;
			defaultConfigurationName = Release;
		};
		9F69DC4E24CADD2B00C67A6B /* Build configuration list for PBXNativeTarget "GPS Member Store" */ = {
			isa = XCConfigurationList;
			buildConfigurations = (
				9F69DC4F24CADD2B00C67A6B /* Debug */,
				9F69DC5024CADD2B00C67A6B /* Release */,
			);
			defaultConfigurationIsVisible = 0;
			defaultConfigurationName = Release;
		};
		9F69DC5124CADD2B00C67A6B /* Build configuration list for PBXNativeTarget "GPS Member StoreTests" */ = {
			isa = XCConfigurationList;
			buildConfigurations = (
				9F69DC5224CADD2B00C67A6B /* Debug */,
				9F69DC5324CADD2B00C67A6B /* Release */,
			);
			defaultConfigurationIsVisible = 0;
			defaultConfigurationName = Release;
		};
		9F69DC5424CADD2B00C67A6B /* Build configuration list for PBXNativeTarget "GPS Member StoreUITests" */ = {
			isa = XCConfigurationList;
			buildConfigurations = (
				9F69DC5524CADD2B00C67A6B /* Debug */,
				9F69DC5624CADD2B00C67A6B /* Release */,
			);
			defaultConfigurationIsVisible = 0;
			defaultConfigurationName = Release;
		};
/* End XCConfigurationList section */
	};
	rootObject = 9F69DC1C24CADD2800C67A6B /* Project object */;
}
